#
# This file is autogenerated by pip-compile with Python 3.11
# by the following command:
#
#    pip-compile --output-file=requirements.lock requirements.txt
#
aiohttp==3.9.1
    # via -r requirements.txt
aiosignal==1.4.0
    # via aiohttp
aiosqlite==0.21.0
    # via prefect
alembic==1.12.1
    # via
    #   -r requirements.txt
    #   prefect
annotated-types==0.7.0
    # via pydantic
anyio==3.7.1
    # via
    #   fastapi
    #   httpx
    #   openai
    #   prefect
    #   starlette
    #   watchfiles
apprise==1.9.3
    # via prefect
asgi-lifespan==2.1.0
    # via prefect
async-timeout==5.0.1
    # via asyncpg
asyncpg==0.29.0
    # via
    #   -r requirements.txt
    #   prefect
attrs==25.3.0
    # via
    #   aiohttp
    #   jsonschema
    #   referencing
bcrypt==4.3.0
    # via passlib
beautifulsoup4==4.13.4
    # via -r requirements.txt
cachetools==5.5.2
    # via google-auth
certifi==2025.7.9
    # via
    #   apprise
    #   httpcore
    #   httpx
    #   kubernetes
    #   requests
    #   sentry-sdk
cffi==1.17.1
    # via cryptography
charset-normalizer==3.4.2
    # via requests
click==8.1.7
    # via
    #   -r requirements.txt
    #   apprise
    #   prefect
    #   typer
    #   uvicorn
cloudpickle==3.1.1
    # via prefect
colorama==0.4.6
    # via griffe
coolname==2.2.0
    # via prefect
coverage[toml]==7.9.2
    # via pytest-cov
croniter==2.0.7
    # via prefect
cryptography==41.0.7
    # via
    #   -r requirements.txt
    #   prefect
dateparser==1.2.0
    # via prefect
distro==1.9.0
    # via openai
dnspython==2.7.0
    # via email-validator
docker==6.1.3
    # via prefect
email-validator==2.1.0
    # via
    #   -r requirements.txt
    #   pydantic
et-xmlfile==2.0.0
    # via openpyxl
execnet==2.1.1
    # via pytest-xdist
faker==37.4.0
    # via -r requirements.txt
fastapi==0.104.1
    # via
    #   -r requirements.txt
    #   sentry-sdk
frozenlist==1.7.0
    # via
    #   aiohttp
    #   aiosignal
fsspec==2025.5.1
    # via prefect
geographiclib==2.0
    # via geopy
geopy==2.4.1
    # via -r requirements.txt
google-api-core==2.25.1
    # via google-api-python-client
google-api-python-client==2.176.0
    # via -r requirements.txt
google-auth==2.40.3
    # via
    #   google-api-core
    #   google-api-python-client
    #   google-auth-httplib2
    #   google-auth-oauthlib
    #   kubernetes
google-auth-httplib2==0.2.0
    # via
    #   -r requirements.txt
    #   google-api-python-client
google-auth-oauthlib==1.2.2
    # via -r requirements.txt
googleapis-common-protos==1.70.0
    # via google-api-core
graphviz==0.21
    # via prefect
greenlet==3.0.1
    # via
    #   playwright
    #   sqlalchemy
griffe==1.7.3
    # via prefect
gunicorn==21.2.0
    # via -r requirements.txt
h11==0.16.0
    # via
    #   httpcore
    #   uvicorn
h2==4.2.0
    # via httpx
hpack==4.1.0
    # via h2
httpcore==1.0.9
    # via
    #   httpx
    #   prefect
httplib2==0.22.0
    # via
    #   google-api-python-client
    #   google-auth-httplib2
httptools==0.6.4
    # via uvicorn
httpx[http2]==0.25.2
    # via
    #   -r requirements.txt
    #   openai
    #   prefect
hyperframe==6.1.0
    # via h2
idna==3.10
    # via
    #   anyio
    #   email-validator
    #   httpx
    #   requests
    #   yarl
iniconfig==2.1.0
    # via pytest
jinja2==3.1.2
    # via
    #   -r requirements.txt
    #   prefect
jsonpatch==1.33
    # via prefect
jsonpickle==4.1.1
    # via xlcalculator
jsonpointer==3.0.0
    # via jsonpatch
jsonschema==4.24.0
    # via prefect
jsonschema-specifications==2025.4.1
    # via jsonschema
kubernetes==28.1.0
    # via prefect
mako==1.3.10
    # via alembic
markdown==3.8.2
    # via apprise
markdown-it-py==3.0.0
    # via rich
markupsafe==3.0.2
    # via
    #   jinja2
    #   mako
mdurl==0.1.2
    # via markdown-it-py
mock==5.2.0
    # via xlcalculator
multidict==6.6.3
    # via
    #   aiohttp
    #   yarl
numpy==1.26.2
    # via
    #   -r requirements.txt
    #   numpy-financial
    #   pandas
    #   scipy
    #   xlcalculator
    #   yearfrac
numpy-financial==1.0.0
    # via xlcalculator
oauthlib==3.3.1
    # via
    #   kubernetes
    #   requests-oauthlib
openai==1.6.1
    # via -r requirements.txt
openpyxl==3.1.5
    # via
    #   -r requirements.txt
    #   xlcalculator
orjson==3.10.18
    # via prefect
packaging==24.2
    # via
    #   docker
    #   gunicorn
    #   prefect
    #   pytest
pandas==2.3.1
    # via
    #   -r requirements.txt
    #   xlcalculator
passlib[bcrypt]==1.7.4
    # via -r requirements.txt
pathspec==0.12.1
    # via prefect
pendulum==2.1.2
    # via prefect
playwright==1.40.0
    # via -r requirements.txt
pluggy==1.6.0
    # via
    #   pytest
    #   pytest-cov
prefect==2.14.9
    # via -r requirements.txt
prometheus-client==0.19.0
    # via -r requirements.txt
propcache==0.3.2
    # via yarl
proto-plus==1.26.1
    # via google-api-core
protobuf==6.31.1
    # via
    #   google-api-core
    #   googleapis-common-protos
    #   proto-plus
psutil==7.0.0
    # via -r requirements.txt
psycopg2-binary==2.9.9
    # via -r requirements.txt
pyasn1==0.6.1
    # via
    #   pyasn1-modules
    #   rsa
pyasn1-modules==0.4.2
    # via google-auth
pycparser==2.22
    # via cffi
pydantic[email]==2.11.7
    # via
    #   -r requirements.txt
    #   fastapi
    #   openai
    #   prefect
    #   pydantic-settings
pydantic-core==2.33.2
    # via pydantic
pydantic-settings==2.1.0
    # via -r requirements.txt
pyee==11.0.1
    # via playwright
pygments==2.19.2
    # via
    #   pytest
    #   rich
pyjwt==2.8.0
    # via -r requirements.txt
pyparsing==3.2.3
    # via httplib2
pytest==8.4.1
    # via
    #   -r requirements.txt
    #   pytest-asyncio
    #   pytest-cov
    #   pytest-env
    #   pytest-mock
    #   pytest-xdist
pytest-asyncio==1.0.0
    # via -r requirements.txt
pytest-cov==6.2.1
    # via -r requirements.txt
pytest-env==1.1.5
    # via -r requirements.txt
pytest-mock==3.14.1
    # via -r requirements.txt
pytest-xdist==3.8.0
    # via -r requirements.txt
python-dateutil==2.8.2
    # via
    #   -r requirements.txt
    #   croniter
    #   dateparser
    #   kubernetes
    #   pandas
    #   pendulum
    #   prefect
python-dotenv==1.0.0
    # via
    #   -r requirements.txt
    #   pydantic-settings
    #   uvicorn
python-http-client==3.3.7
    # via sendgrid
python-json-logger==2.0.7
    # via -r requirements.txt
python-slugify==8.0.4
    # via prefect
pytz==2023.3
    # via
    #   -r requirements.txt
    #   croniter
    #   dateparser
    #   pandas
    #   prefect
pytzdata==2020.1
    # via pendulum
pyyaml==6.0.1
    # via
    #   -r requirements.txt
    #   apprise
    #   kubernetes
    #   prefect
    #   uvicorn
readchar==4.2.1
    # via prefect
redis==5.0.1
    # via -r requirements.txt
referencing==0.36.2
    # via
    #   jsonschema
    #   jsonschema-specifications
regex==2024.11.6
    # via dateparser
requests==2.32.4
    # via
    #   apprise
    #   docker
    #   google-api-core
    #   kubernetes
    #   requests-oauthlib
    #   stripe
requests-oauthlib==2.0.0
    # via
    #   apprise
    #   google-auth-oauthlib
    #   kubernetes
rich==13.9.4
    # via
    #   prefect
    #   typer
rpds-py==0.26.0
    # via
    #   jsonschema
    #   referencing
rsa==4.9.1
    # via google-auth
ruamel-yaml==0.18.14
    # via
    #   -r requirements.txt
    #   prefect
ruamel-yaml-clib==0.2.12
    # via ruamel-yaml
scipy==1.16.0
    # via xlcalculator
sendgrid==6.11.0
    # via -r requirements.txt
sentry-sdk[fastapi]==1.45.1
    # via -r requirements.txt
shellingham==1.5.4
    # via typer
six==1.17.0
    # via
    #   kubernetes
    #   python-dateutil
sniffio==1.3.1
    # via
    #   anyio
    #   asgi-lifespan
    #   httpx
    #   openai
    #   prefect
soupsieve==2.7
    # via beautifulsoup4
sqlalchemy[asyncio]==2.0.23
    # via
    #   -r requirements.txt
    #   alembic
    #   prefect
starkbank-ecdsa==2.2.0
    # via sendgrid
starlette==0.27.0
    # via
    #   fastapi
    #   prefect
stripe==7.8.0
    # via -r requirements.txt
tenacity==8.2.3
    # via -r requirements.txt
text-unidecode==1.3
    # via python-slugify
toml==0.10.2
    # via prefect
tqdm==4.67.1
    # via openai
typer==0.16.0
    # via prefect
typing-extensions==4.14.1
    # via
    #   aiosignal
    #   aiosqlite
    #   alembic
    #   beautifulsoup4
    #   fastapi
    #   openai
    #   prefect
    #   pydantic
    #   pydantic-core
    #   pyee
    #   referencing
    #   sqlalchemy
    #   stripe
    #   typer
    #   typing-inspection
typing-inspection==0.4.1
    # via pydantic
tzdata==2025.2
    # via
    #   faker
    #   pandas
tzlocal==5.3.1
    # via dateparser
ujson==5.10.0
    # via prefect
uritemplate==4.2.0
    # via google-api-python-client
urllib3==1.26.20
    # via
    #   docker
    #   kubernetes
    #   requests
    #   sentry-sdk
uvicorn[standard]==0.24.0
    # via
    #   -r requirements.txt
    #   prefect
uvloop==0.21.0
    # via uvicorn
watchdog==6.0.0
    # via -r requirements.txt
watchfiles==1.1.0
    # via uvicorn
websocket-client==1.8.0
    # via
    #   docker
    #   kubernetes
websockets==12.0
    # via
    #   prefect
    #   uvicorn
xlcalculator==0.5.0
    # via -r requirements.txt
yarl==1.20.1
    # via aiohttp
yearfrac==0.4.8
    # via xlcalculator
