#
# This file is autogenerated by pip-compile with Python 3.11
# by the following command:
#
#    pip-compile --generate-hashes --output-file=requirements.lock requirements.txt
#
aiohttp==3.9.1 \
    --hash=sha256:02ab6006ec3c3463b528374c4cdce86434e7b89ad355e7bf29e2f16b46c7dd6f \
    --hash=sha256:04fa38875e53eb7e354ece1607b1d2fdee2d175ea4e4d745f6ec9f751fe20c7c \
    --hash=sha256:0b0a6a36ed7e164c6df1e18ee47afbd1990ce47cb428739d6c99aaabfaf1b3af \
    --hash=sha256:0d406b01a9f5a7e232d1b0d161b40c05275ffbcbd772dc18c1d5a570961a1ca4 \
    --hash=sha256:0e49b08eafa4f5707ecfb321ab9592717a319e37938e301d462f79b4e860c32a \
    --hash=sha256:0e7ba7ff228c0d9a2cd66194e90f2bca6e0abca810b786901a569c0de082f489 \
    --hash=sha256:11cb254e397a82efb1805d12561e80124928e04e9c4483587ce7390b3866d213 \
    --hash=sha256:11ff168d752cb41e8492817e10fb4f85828f6a0142b9726a30c27c35a1835f01 \
    --hash=sha256:176df045597e674fa950bf5ae536be85699e04cea68fa3a616cf75e413737eb5 \
    --hash=sha256:219a16763dc0294842188ac8a12262b5671817042b35d45e44fd0a697d8c8361 \
    --hash=sha256:22698f01ff5653fe66d16ffb7658f582a0ac084d7da1323e39fd9eab326a1f26 \
    --hash=sha256:237533179d9747080bcaad4d02083ce295c0d2eab3e9e8ce103411a4312991a0 \
    --hash=sha256:289ba9ae8e88d0ba16062ecf02dd730b34186ea3b1e7489046fc338bdc3361c4 \
    --hash=sha256:2c59e0076ea31c08553e868cec02d22191c086f00b44610f8ab7363a11a5d9d8 \
    --hash=sha256:2c9376e2b09895c8ca8b95362283365eb5c03bdc8428ade80a864160605715f1 \
    --hash=sha256:3135713c5562731ee18f58d3ad1bf41e1d8883eb68b363f2ffde5b2ea4b84cc7 \
    --hash=sha256:3b9c7426923bb7bd66d409da46c41e3fb40f5caf679da624439b9eba92043fa6 \
    --hash=sha256:3c0266cd6f005e99f3f51e583012de2778e65af6b73860038b968a0a8888487a \
    --hash=sha256:41473de252e1797c2d2293804e389a6d6986ef37cbb4a25208de537ae32141dd \
    --hash=sha256:4831df72b053b1eed31eb00a2e1aff6896fb4485301d4ccb208cac264b648db4 \
    --hash=sha256:49f0c1b3c2842556e5de35f122fc0f0b721334ceb6e78c3719693364d4af8499 \
    --hash=sha256:4b4c452d0190c5a820d3f5c0f3cd8a28ace48c54053e24da9d6041bf81113183 \
    --hash=sha256:4ee8caa925aebc1e64e98432d78ea8de67b2272252b0a931d2ac3bd876ad5544 \
    --hash=sha256:500f1c59906cd142d452074f3811614be04819a38ae2b3239a48b82649c08821 \
    --hash=sha256:5216b6082c624b55cfe79af5d538e499cd5f5b976820eac31951fb4325974501 \
    --hash=sha256:54311eb54f3a0c45efb9ed0d0a8f43d1bc6060d773f6973efd90037a51cd0a3f \
    --hash=sha256:54631fb69a6e44b2ba522f7c22a6fb2667a02fd97d636048478db2fd8c4e98fe \
    --hash=sha256:565760d6812b8d78d416c3c7cfdf5362fbe0d0d25b82fed75d0d29e18d7fc30f \
    --hash=sha256:598db66eaf2e04aa0c8900a63b0101fdc5e6b8a7ddd805c56d86efb54eb66672 \
    --hash=sha256:5c4fa235d534b3547184831c624c0b7c1e262cd1de847d95085ec94c16fddcd5 \
    --hash=sha256:69985d50a2b6f709412d944ffb2e97d0be154ea90600b7a921f95a87d6f108a2 \
    --hash=sha256:69da0f3ed3496808e8cbc5123a866c41c12c15baaaead96d256477edf168eb57 \
    --hash=sha256:6c93b7c2e52061f0925c3382d5cb8980e40f91c989563d3d32ca280069fd6a87 \
    --hash=sha256:70907533db712f7aa791effb38efa96f044ce3d4e850e2d7691abd759f4f0ae0 \
    --hash=sha256:81b77f868814346662c96ab36b875d7814ebf82340d3284a31681085c051320f \
    --hash=sha256:82eefaf1a996060602f3cc1112d93ba8b201dbf5d8fd9611227de2003dddb3b7 \
    --hash=sha256:85c3e3c9cb1d480e0b9a64c658cd66b3cfb8e721636ab8b0e746e2d79a7a9eed \
    --hash=sha256:8a22a34bc594d9d24621091d1b91511001a7eea91d6652ea495ce06e27381f70 \
    --hash=sha256:8cef8710fb849d97c533f259103f09bac167a008d7131d7b2b0e3a33269185c0 \
    --hash=sha256:8d44e7bf06b0c0a70a20f9100af9fcfd7f6d9d3913e37754c12d424179b4e48f \
    --hash=sha256:8d7f98fde213f74561be1d6d3fa353656197f75d4edfbb3d94c9eb9b0fc47f5d \
    --hash=sha256:8d8e4450e7fe24d86e86b23cc209e0023177b6d59502e33807b732d2deb6975f \
    --hash=sha256:8fc49a87ac269d4529da45871e2ffb6874e87779c3d0e2ccd813c0899221239d \
    --hash=sha256:90ec72d231169b4b8d6085be13023ece8fa9b1bb495e4398d847e25218e0f431 \
    --hash=sha256:91c742ca59045dce7ba76cab6e223e41d2c70d79e82c284a96411f8645e2afff \
    --hash=sha256:9b05d33ff8e6b269e30a7957bd3244ffbce2a7a35a81b81c382629b80af1a8bf \
    --hash=sha256:9b05d5cbe9dafcdc733262c3a99ccf63d2f7ce02543620d2bd8db4d4f7a22f83 \
    --hash=sha256:9c5857612c9813796960c00767645cb5da815af16dafb32d70c72a8390bbf690 \
    --hash=sha256:a34086c5cc285be878622e0a6ab897a986a6e8bf5b67ecb377015f06ed316587 \
    --hash=sha256:ab221850108a4a063c5b8a70f00dd7a1975e5a1713f87f4ab26a46e5feac5a0e \
    --hash=sha256:b796b44111f0cab6bbf66214186e44734b5baab949cb5fb56154142a92989aeb \
    --hash=sha256:b8c3a67eb87394386847d188996920f33b01b32155f0a94f36ca0e0c635bf3e3 \
    --hash=sha256:bcb6532b9814ea7c5a6a3299747c49de30e84472fa72821b07f5a9818bce0f66 \
    --hash=sha256:bcc0ea8d5b74a41b621ad4a13d96c36079c81628ccc0b30cfb1603e3dfa3a014 \
    --hash=sha256:bea94403a21eb94c93386d559bce297381609153e418a3ffc7d6bf772f59cc35 \
    --hash=sha256:bff7e2811814fa2271be95ab6e84c9436d027a0e59665de60edf44e529a42c1f \
    --hash=sha256:c72444d17777865734aa1a4d167794c34b63e5883abb90356a0364a28904e6c0 \
    --hash=sha256:c7b5d5d64e2a14e35a9240b33b89389e0035e6de8dbb7ffa50d10d8b65c57449 \
    --hash=sha256:c7e939f1ae428a86e4abbb9a7c4732bf4706048818dfd979e5e2839ce0159f23 \
    --hash=sha256:c88a15f272a0ad3d7773cf3a37cc7b7d077cbfc8e331675cf1346e849d97a4e5 \
    --hash=sha256:c9110c06eaaac7e1f5562caf481f18ccf8f6fdf4c3323feab28a93d34cc646bd \
    --hash=sha256:ca7ca5abfbfe8d39e653870fbe8d7710be7a857f8a8386fc9de1aae2e02ce7e4 \
    --hash=sha256:cae4c0c2ca800c793cae07ef3d40794625471040a87e1ba392039639ad61ab5b \
    --hash=sha256:cdefe289681507187e375a5064c7599f52c40343a8701761c802c1853a504558 \
    --hash=sha256:cf2a0ac0615842b849f40c4d7f304986a242f1e68286dbf3bd7a835e4f83acfd \
    --hash=sha256:cfeadf42840c1e870dc2042a232a8748e75a36b52d78968cda6736de55582766 \
    --hash=sha256:d737e69d193dac7296365a6dcb73bbbf53bb760ab25a3727716bbd42022e8d7a \
    --hash=sha256:d7481f581251bb5558ba9f635db70908819caa221fc79ee52a7f58392778c636 \
    --hash=sha256:df9cf74b9bc03d586fc53ba470828d7b77ce51b0582d1d0b5b2fb673c0baa32d \
    --hash=sha256:e1f80197f8b0b846a8d5cf7b7ec6084493950d0882cc5537fb7b96a69e3c8590 \
    --hash=sha256:ecca113f19d5e74048c001934045a2b9368d77b0b17691d905af18bd1c21275e \
    --hash=sha256:ee2527134f95e106cc1653e9ac78846f3a2ec1004cf20ef4e02038035a74544d \
    --hash=sha256:f27fdaadce22f2ef950fc10dcdf8048407c3b42b73779e48a4e76b3c35bca26c \
    --hash=sha256:f694dc8a6a3112059258a725a4ebe9acac5fe62f11c77ac4dcf896edfa78ca28 \
    --hash=sha256:f800164276eec54e0af5c99feb9494c295118fc10a11b997bbb1348ba1a52065 \
    --hash=sha256:ffcd828e37dc219a72c9012ec44ad2e7e3066bec6ff3aaa19e7d435dbf4032ca
    # via -r requirements.txt
aiosignal==1.4.0 \
    --hash=sha256:053243f8b92b990551949e63930a839ff0cf0b0ebbe0597b0f3fb19e1a0fe82e \
    --hash=sha256:f47eecd9468083c2029cc99945502cb7708b082c232f9aca65da147157b251c7
    # via aiohttp
aiosqlite==0.21.0 \
    --hash=sha256:131bb8056daa3bc875608c631c678cda73922a2d4ba8aec373b19f18c17e7aa3 \
    --hash=sha256:2549cf4057f95f53dcba16f2b64e8e2791d7e1adedb13197dd8ed77bb226d7d0
    # via prefect
alembic==1.12.1 \
    --hash=sha256:47d52e3dfb03666ed945becb723d6482e52190917fdb47071440cfdba05d92cb \
    --hash=sha256:bca5877e9678b454706347bc10b97cb7d67f300320fa5c3a94423e8266e2823f
    # via
    #   -r requirements.txt
    #   prefect
annotated-types==0.7.0 \
    --hash=sha256:1f02e8b43a8fbbc3f3e0d4f0f4bfc8131bcb4eebe8849b8e5c773f3a1c582a53 \
    --hash=sha256:aff07c09a53a08bc8cfccb9c85b05f1aa9a2a6f23728d790723543408344ce89
    # via pydantic
anyio==3.7.1 \
    --hash=sha256:44a3c9aba0f5defa43261a8b3efb97891f2bd7d804e0e1f56419befa1adfc780 \
    --hash=sha256:91dee416e570e92c64041bd18b900d1d6fa78dff7048769ce5ac5ddad004fbb5
    # via
    #   fastapi
    #   httpx
    #   openai
    #   prefect
    #   starlette
    #   watchfiles
apprise==1.9.3 \
    --hash=sha256:e9b5abb73244c21a30ee493860f8d4ae80665d225b1b436179d48db4f6fc5b9e \
    --hash=sha256:f583667ea35b8899cd46318c6cb26f0faf6a4605b119174c2523a012590c65a6
    # via prefect
asgi-lifespan==2.1.0 \
    --hash=sha256:5e2effaf0bfe39829cf2d64e7ecc47c7d86d676a6599f7afba378c31f5e3a308 \
    --hash=sha256:ed840706680e28428c01e14afb3875d7d76d3206f3d5b2f2294e059b5c23804f
    # via prefect
async-timeout==5.0.1 \
    --hash=sha256:39e3809566ff85354557ec2398b55e096c8364bacac9405a7a1fa429e77fe76c \
    --hash=sha256:d9321a7a3d5a6a5e187e824d2fa0793ce379a202935782d555d6e9d2735677d3
    # via asyncpg
asyncpg==0.29.0 \
    --hash=sha256:0009a300cae37b8c525e5b449233d59cd9868fd35431abc470a3e364d2b85cb9 \
    --hash=sha256:000c996c53c04770798053e1730d34e30cb645ad95a63265aec82da9093d88e7 \
    --hash=sha256:012d01df61e009015944ac7543d6ee30c2dc1eb2f6b10b62a3f598beb6531548 \
    --hash=sha256:039a261af4f38f949095e1e780bae84a25ffe3e370175193174eb08d3cecab23 \
    --hash=sha256:103aad2b92d1506700cbf51cd8bb5441e7e72e87a7b3a2ca4e32c840f051a6a3 \
    --hash=sha256:1e186427c88225ef730555f5fdda6c1812daa884064bfe6bc462fd3a71c4b675 \
    --hash=sha256:2245be8ec5047a605e0b454c894e54bf2ec787ac04b1cb7e0d3c67aa1e32f0fe \
    --hash=sha256:37a2ec1b9ff88d8773d3eb6d3784dc7e3fee7756a5317b67f923172a4748a175 \
    --hash=sha256:48e7c58b516057126b363cec8ca02b804644fd012ef8e6c7e23386b7d5e6ce83 \
    --hash=sha256:52e8f8f9ff6e21f9b39ca9f8e3e33a5fcdceaf5667a8c5c32bee158e313be385 \
    --hash=sha256:5340dd515d7e52f4c11ada32171d87c05570479dc01dc66d03ee3e150fb695da \
    --hash=sha256:54858bc25b49d1114178d65a88e48ad50cb2b6f3e475caa0f0c092d5f527c106 \
    --hash=sha256:5b52e46f165585fd6af4863f268566668407c76b2c72d366bb8b522fa66f1870 \
    --hash=sha256:5bbb7f2cafd8d1fa3e65431833de2642f4b2124be61a449fa064e1a08d27e449 \
    --hash=sha256:5cad1324dbb33f3ca0cd2074d5114354ed3be2b94d48ddfd88af75ebda7c43cc \
    --hash=sha256:6011b0dc29886ab424dc042bf9eeb507670a3b40aece3439944006aafe023178 \
    --hash=sha256:642a36eb41b6313ffa328e8a5c5c2b5bea6ee138546c9c3cf1bffaad8ee36dd9 \
    --hash=sha256:6feaf2d8f9138d190e5ec4390c1715c3e87b37715cd69b2c3dfca616134efd2b \
    --hash=sha256:72fd0ef9f00aeed37179c62282a3d14262dbbafb74ec0ba16e1b1864d8a12169 \
    --hash=sha256:746e80d83ad5d5464cfbf94315eb6744222ab00aa4e522b704322fb182b83610 \
    --hash=sha256:76c3ac6530904838a4b650b2880f8e7af938ee049e769ec2fba7cd66469d7772 \
    --hash=sha256:797ab8123ebaed304a1fad4d7576d5376c3a006a4100380fb9d517f0b59c1ab2 \
    --hash=sha256:8d36c7f14a22ec9e928f15f92a48207546ffe68bc412f3be718eedccdf10dc5c \
    --hash=sha256:97eb024685b1d7e72b1972863de527c11ff87960837919dac6e34754768098eb \
    --hash=sha256:a65c1dcd820d5aea7c7d82a3fdcb70e096f8f70d1a8bf93eb458e49bfad036ac \
    --hash=sha256:a921372bbd0aa3a5822dd0409da61b4cd50df89ae85150149f8c119f23e8c408 \
    --hash=sha256:a9e6823a7012be8b68301342ba33b4740e5a166f6bbda0aee32bc01638491a22 \
    --hash=sha256:b544ffc66b039d5ec5a7454667f855f7fec08e0dfaf5a5490dfafbb7abbd2cfb \
    --hash=sha256:bb1292d9fad43112a85e98ecdc2e051602bce97c199920586be83254d9dafc02 \
    --hash=sha256:bde17a1861cf10d5afce80a36fca736a86769ab3579532c03e45f83ba8a09c59 \
    --hash=sha256:cce08a178858b426ae1aa8409b5cc171def45d4293626e7aa6510696d46decd8 \
    --hash=sha256:cfe73ffae35f518cfd6e4e5f5abb2618ceb5ef02a2365ce64f132601000587d3 \
    --hash=sha256:d1c49e1f44fffafd9a55e1a9b101590859d881d639ea2922516f5d9c512d354e \
    --hash=sha256:d4900ee08e85af01adb207519bb4e14b1cae8fd21e0ccf80fac6aa60b6da37b4 \
    --hash=sha256:d84156d5fb530b06c493f9e7635aa18f518fa1d1395ef240d211cb563c4e2364 \
    --hash=sha256:dc600ee8ef3dd38b8d67421359779f8ccec30b463e7aec7ed481c8346decf99f \
    --hash=sha256:e0bfe9c4d3429706cf70d3249089de14d6a01192d617e9093a8e941fea8ee775 \
    --hash=sha256:e17b52c6cf83e170d3d865571ba574577ab8e533e7361a2b8ce6157d02c665d3 \
    --hash=sha256:f100d23f273555f4b19b74a96840aa27b85e99ba4b1f18d4ebff0734e78dc090 \
    --hash=sha256:f9ea3f24eb4c49a615573724d88a48bd1b7821c890c2effe04f05382ed9e8810 \
    --hash=sha256:ff8e8109cd6a46ff852a5e6bab8b0a047d7ea42fcb7ca5ae6eaae97d8eacf397
    # via
    #   -r requirements.txt
    #   prefect
attrs==25.3.0 \
    --hash=sha256:427318ce031701fea540783410126f03899a97ffc6f61596ad581ac2e40e3bc3 \
    --hash=sha256:75d7cefc7fb576747b2c81b4442d4d4a1ce0900973527c011d1030fd3bf4af1b
    # via
    #   aiohttp
    #   jsonschema
    #   referencing
bcrypt==4.3.0 \
    --hash=sha256:0042b2e342e9ae3d2ed22727c1262f76cc4f345683b5c1715f0250cf4277294f \
    --hash=sha256:0142b2cb84a009f8452c8c5a33ace5e3dfec4159e7735f5afe9a4d50a8ea722d \
    --hash=sha256:08bacc884fd302b611226c01014eca277d48f0a05187666bca23aac0dad6fe24 \
    --hash=sha256:0d3efb1157edebfd9128e4e46e2ac1a64e0c1fe46fb023158a407c7892b0f8c3 \
    --hash=sha256:0e30e5e67aed0187a1764911af023043b4542e70a7461ad20e837e94d23e1d6c \
    --hash=sha256:107d53b5c67e0bbc3f03ebf5b030e0403d24dda980f8e244795335ba7b4a027d \
    --hash=sha256:12fa6ce40cde3f0b899729dbd7d5e8811cb892d31b6f7d0334a1f37748b789fd \
    --hash=sha256:17a854d9a7a476a89dcef6c8bd119ad23e0f82557afbd2c442777a16408e614f \
    --hash=sha256:191354ebfe305e84f344c5964c7cd5f924a3bfc5d405c75ad07f232b6dffb49f \
    --hash=sha256:2ef6630e0ec01376f59a006dc72918b1bf436c3b571b80fa1968d775fa02fe7d \
    --hash=sha256:3004df1b323d10021fda07a813fd33e0fd57bef0e9a480bb143877f6cba996fe \
    --hash=sha256:335a420cfd63fc5bc27308e929bee231c15c85cc4c496610ffb17923abf7f231 \
    --hash=sha256:33752b1ba962ee793fa2b6321404bf20011fe45b9afd2a842139de3011898fef \
    --hash=sha256:3a3fd2204178b6d2adcf09cb4f6426ffef54762577a7c9b54c159008cb288c18 \
    --hash=sha256:3b8d62290ebefd49ee0b3ce7500f5dbdcf13b81402c05f6dafab9a1e1b27212f \
    --hash=sha256:3e36506d001e93bffe59754397572f21bb5dc7c83f54454c990c74a468cd589e \
    --hash=sha256:41261d64150858eeb5ff43c753c4b216991e0ae16614a308a15d909503617732 \
    --hash=sha256:50e6e80a4bfd23a25f5c05b90167c19030cf9f87930f7cb2eacb99f45d1c3304 \
    --hash=sha256:531457e5c839d8caea9b589a1bcfe3756b0547d7814e9ce3d437f17da75c32b0 \
    --hash=sha256:55a935b8e9a1d2def0626c4269db3fcd26728cbff1e84f0341465c31c4ee56d8 \
    --hash=sha256:57967b7a28d855313a963aaea51bf6df89f833db4320da458e5b3c5ab6d4c938 \
    --hash=sha256:584027857bc2843772114717a7490a37f68da563b3620f78a849bcb54dc11e62 \
    --hash=sha256:59e1aa0e2cd871b08ca146ed08445038f42ff75968c7ae50d2fdd7860ade2180 \
    --hash=sha256:5bd3cca1f2aa5dbcf39e2aa13dd094ea181f48959e1071265de49cc2b82525af \
    --hash=sha256:5c1949bf259a388863ced887c7861da1df681cb2388645766c89fdfd9004c669 \
    --hash=sha256:62f26585e8b219cdc909b6a0069efc5e4267e25d4a3770a364ac58024f62a761 \
    --hash=sha256:67a561c4d9fb9465ec866177e7aebcad08fe23aaf6fbd692a6fab69088abfc51 \
    --hash=sha256:6fb1fd3ab08c0cbc6826a2e0447610c6f09e983a281b919ed721ad32236b8b23 \
    --hash=sha256:74a8d21a09f5e025a9a23e7c0fd2c7fe8e7503e4d356c0a2c1486ba010619f09 \
    --hash=sha256:79e70b8342a33b52b55d93b3a59223a844962bef479f6a0ea318ebbcadf71505 \
    --hash=sha256:7a4be4cbf241afee43f1c3969b9103a41b40bcb3a3f467ab19f891d9bc4642e4 \
    --hash=sha256:7c03296b85cb87db865d91da79bf63d5609284fc0cab9472fdd8367bbd830753 \
    --hash=sha256:842d08d75d9fe9fb94b18b071090220697f9f184d4547179b60734846461ed59 \
    --hash=sha256:864f8f19adbe13b7de11ba15d85d4a428c7e2f344bac110f667676a0ff84924b \
    --hash=sha256:97eea7408db3a5bcce4a55d13245ab3fa566e23b4c67cd227062bb49e26c585d \
    --hash=sha256:a839320bf27d474e52ef8cb16449bb2ce0ba03ca9f44daba6d93fa1d8828e48a \
    --hash=sha256:afe327968aaf13fc143a56a3360cb27d4ad0345e34da12c7290f1b00b8fe9a8b \
    --hash=sha256:b4d4e57f0a63fd0b358eb765063ff661328f69a04494427265950c71b992a39a \
    --hash=sha256:b6354d3760fcd31994a14c89659dee887f1351a06e5dac3c1142307172a79f90 \
    --hash=sha256:b693dbb82b3c27a1604a3dff5bfc5418a7e6a781bb795288141e5f80cf3a3492 \
    --hash=sha256:bdc6a24e754a555d7316fa4774e64c6c3997d27ed2d1964d55920c7c227bc4ce \
    --hash=sha256:beeefe437218a65322fbd0069eb437e7c98137e08f22c4660ac2dc795c31f8bb \
    --hash=sha256:c5eeac541cefd0bb887a371ef73c62c3cd78535e4887b310626036a7c0a817bb \
    --hash=sha256:c950d682f0952bafcceaf709761da0a32a942272fad381081b51096ffa46cea1 \
    --hash=sha256:d9af79d322e735b1fc33404b5765108ae0ff232d4b54666d46730f8ac1a43676 \
    --hash=sha256:e53e074b120f2877a35cc6c736b8eb161377caae8925c17688bd46ba56daaa5b \
    --hash=sha256:e965a9c1e9a393b8005031ff52583cedc15b7884fce7deb8b0346388837d6cfe \
    --hash=sha256:f01e060f14b6b57bbb72fc5b4a83ac21c443c9a2ee708e04a10e9192f90a6281 \
    --hash=sha256:f1e3ffa1365e8702dc48c8b360fef8d7afeca482809c5e45e653af82ccd088c1 \
    --hash=sha256:f6746e6fec103fcd509b96bacdfdaa2fbde9a553245dbada284435173a6f1aef \
    --hash=sha256:f81b0ed2639568bf14749112298f9e4e2b28853dab50a8b357e31798686a036d
    # via passlib
beautifulsoup4==4.13.4 \
    --hash=sha256:9bbbb14bfde9d79f38b8cd5f8c7c85f4b8f2523190ebed90e950a8dea4cb1c4b \
    --hash=sha256:dbb3c4e1ceae6aefebdaf2423247260cd062430a410e38c66f2baa50a8437195
    # via -r requirements.txt
cachetools==5.5.2 \
    --hash=sha256:1a661caa9175d26759571b2e19580f9d6393969e5dfca11fdb1f947a23e640d4 \
    --hash=sha256:d26a22bcc62eb95c3beabd9f1ee5e820d3d2704fe2967cbe350e20c8ffcd3f0a
    # via google-auth
